
Microsoft Visual Studio Solution File, Format Version 12.00
# Visual Studio Version 17
VisualStudioVersion = 17.7.34031.279
MinimumVisualStudioVersion = 10.0.40219.1
Project("{FAE04EC0-301F-11D3-BF4B-00C04F79EFBC}") = "ESMS Data", "ESMS Data.csproj", "{02F5E545-6A29-4860-BC5F-9885F22DFE1F}"
EndProject
Project("{FAE04EC0-301F-11D3-BF4B-00C04F79EFBC}") = "ESMS API", "..\ESMS API\ESMS API.csproj", "{96DA96A8-7D57-4DD0-9951-0A63A40E35D6}"
EndProject
Global
	GlobalSection(SolutionConfigurationPlatforms) = preSolution
		Debug|Any CPU = Debug|Any CPU
		Release|Any CPU = Release|Any CPU
	EndGlobalSection
	GlobalSection(ProjectConfigurationPlatforms) = postSolution
		{02F5E545-6A29-4860-BC5F-9885F22DFE1F}.Debug|Any CPU.ActiveCfg = Debug|Any CPU
		{02F5E545-6A29-4860-BC5F-9885F22DFE1F}.Debug|Any CPU.Build.0 = Debug|Any CPU
		{02F5E545-6A29-4860-BC5F-9885F22DFE1F}.Release|Any CPU.ActiveCfg = Release|Any CPU
		{02F5E545-6A29-4860-BC5F-9885F22DFE1F}.Release|Any CPU.Build.0 = Release|Any CPU
		{96DA96A8-7D57-4DD0-9951-0A63A40E35D6}.Debug|Any CPU.ActiveCfg = Debug|Any CPU
		{96DA96A8-7D57-4DD0-9951-0A63A40E35D6}.Debug|Any CPU.Build.0 = Debug|Any CPU
		{96DA96A8-7D57-4DD0-9951-0A63A40E35D6}.Release|Any CPU.ActiveCfg = Release|Any CPU
		{96DA96A8-7D57-4DD0-9951-0A63A40E35D6}.Release|Any CPU.Build.0 = Release|Any CPU
	EndGlobalSection
	GlobalSection(SolutionProperties) = preSolution
		HideSolutionNode = FALSE
	EndGlobalSection
	GlobalSection(ExtensibilityGlobals) = postSolution
		SolutionGuid = {EA675CF4-BC13-453A-A073-E3BCB1185176}
	EndGlobalSection
EndGlobal
